
Microsoft Visual Studio Solution File, Format Version 12.00
# Visual Studio Version 17
VisualStudioVersion = 17.0.32112.339
MinimumVisualStudioVersion = 10.0.40219.1
Project("{FAE04EC0-301F-11D3-BF4B-00C04F79EFBC}") = "Phoneworld", "Phoneworld.csproj", "{BBDDADCD-0993-4847-9B37-C9B2B010CB75}"
EndProject
Global
	GlobalSection(SolutionConfigurationPlatforms) = preSolution
		Debug|Any CPU = Debug|Any CPU
		Release|Any CPU = Release|Any CPU
	EndGlobalSection
	GlobalSection(ProjectConfigurationPlatforms) = postSolution
		{BBDDADCD-0993-4847-9B37-C9B2B010CB75}.Debug|Any CPU.ActiveCfg = Debug|Any CPU
		{BBDDADCD-0993-4847-9B37-C9B2B010CB75}.Debug|Any CPU.Build.0 = Debug|Any CPU
		{BBDDADCD-0993-4847-9B37-C9B2B010CB75}.Debug|Any CPU.Deploy.0 = Debug|Any CPU
		{BBDDADCD-0993-4847-9B37-C9B2B010CB75}.Release|Any CPU.ActiveCfg = Release|Any CPU
		{BBDDADCD-0993-4847-9B37-C9B2B010CB75}.Release|Any CPU.Build.0 = Release|Any CPU
		{BBDDADCD-0993-4847-9B37-C9B2B010CB75}.Release|Any CPU.Deploy.0 = Release|Any CPU
	EndGlobalSection
	GlobalSection(SolutionProperties) = preSolution
		HideSolutionNode = FALSE
	EndGlobalSection
	GlobalSection(ExtensibilityGlobals) = postSolution
		SolutionGuid = {DD7CD101-E5B4-4432-AD94-05E7ABBAFA1B}
	EndGlobalSection
EndGlobal
